
Microsoft Visual Studio Solution File, Format Version 12.00
# Visual Studio Version 16
VisualStudioVersion = 16.0.30523.141
MinimumVisualStudioVersion = 10.0.40219.1
Project("{FAE04EC0-301F-11D3-BF4B-00C04F79EFBC}") = "Tic Tac Toe", "Tic Tac Toe\Tic Tac Toe.csproj", "{D8541B64-792E-4052-A1B1-D50B466C16B5}"
EndProject
Project("{FAE04EC0-301F-11D3-BF4B-00C04F79EFBC}") = "Client", "Client\Client.csproj", "{63BE6DA9-29C2-4C5A-ADFC-B9EB79D69415}"
EndProject
Global
	GlobalSection(SolutionConfigurationPlatforms) = preSolution
		Debug|Any CPU = Debug|Any CPU
		Release|Any CPU = Release|Any CPU
	EndGlobalSection
	GlobalSection(ProjectConfigurationPlatforms) = postSolution
		{D8541B64-792E-4052-A1B1-D50B466C16B5}.Debug|Any CPU.ActiveCfg = Debug|Any CPU
		{D8541B64-792E-4052-A1B1-D50B466C16B5}.Debug|Any CPU.Build.0 = Debug|Any CPU
		{D8541B64-792E-4052-A1B1-D50B466C16B5}.Release|Any CPU.ActiveCfg = Release|Any CPU
		{D8541B64-792E-4052-A1B1-D50B466C16B5}.Release|Any CPU.Build.0 = Release|Any CPU
		{63BE6DA9-29C2-4C5A-ADFC-B9EB79D69415}.Debug|Any CPU.ActiveCfg = Debug|Any CPU
		{63BE6DA9-29C2-4C5A-ADFC-B9EB79D69415}.Debug|Any CPU.Build.0 = Debug|Any CPU
		{63BE6DA9-29C2-4C5A-ADFC-B9EB79D69415}.Release|Any CPU.ActiveCfg = Release|Any CPU
		{63BE6DA9-29C2-4C5A-ADFC-B9EB79D69415}.Release|Any CPU.Build.0 = Release|Any CPU
	EndGlobalSection
	GlobalSection(SolutionProperties) = preSolution
		HideSolutionNode = FALSE
	EndGlobalSection
	GlobalSection(ExtensibilityGlobals) = postSolution
		SolutionGuid = {B9274878-6BE7-47F7-B477-126055B168A5}
	EndGlobalSection
EndGlobal
